
Microsoft Visual Studio Solution File, Format Version 12.00
# Visual Studio 15
VisualStudioVersion = 15.0.28307.852
MinimumVisualStudioVersion = 10.0.40219.1
Project("{FAE04EC0-301F-11D3-BF4B-00C04F79EFBC}") = "AngularProdutos", "AngularProdutos\AngularProdutos.csproj", "{94A2D7A2-3AD0-4C48-A13E-83D96049932B}"
EndProject
Global
	GlobalSection(SolutionConfigurationPlatforms) = preSolution
		Debug|Any CPU = Debug|Any CPU
		Release|Any CPU = Release|Any CPU
	EndGlobalSection
	GlobalSection(ProjectConfigurationPlatforms) = postSolution
		{94A2D7A2-3AD0-4C48-A13E-83D96049932B}.Debug|Any CPU.ActiveCfg = Debug|Any CPU
		{94A2D7A2-3AD0-4C48-A13E-83D96049932B}.Debug|Any CPU.Build.0 = Debug|Any CPU
		{94A2D7A2-3AD0-4C48-A13E-83D96049932B}.Release|Any CPU.ActiveCfg = Release|Any CPU
		{94A2D7A2-3AD0-4C48-A13E-83D96049932B}.Release|Any CPU.Build.0 = Release|Any CPU
	EndGlobalSection
	GlobalSection(SolutionProperties) = preSolution
		HideSolutionNode = FALSE
	EndGlobalSection
	GlobalSection(ExtensibilityGlobals) = postSolution
		SolutionGuid = {3334C405-021A-4B41-8A8C-334CC8ACCE49}
	EndGlobalSection
EndGlobal
